
Microsoft Visual Studio Solution File, Format Version 12.00
# Visual Studio 15
VisualStudioVersion = 15.0.28307.421
MinimumVisualStudioVersion = 10.0.40219.1
Project("{FAE04EC0-301F-11D3-BF4B-00C04F79EFBC}") = "VideoGrabber", "VideoGrabber\VideoGrabber.csproj", "{A6B517A0-BA3D-4DAE-B092-739412679593}"
EndProject
Global
	GlobalSection(SolutionConfigurationPlatforms) = preSolution
		Debug|Any CPU = Debug|Any CPU
		Release|Any CPU = Release|Any CPU
	EndGlobalSection
	GlobalSection(ProjectConfigurationPlatforms) = postSolution
		{A6B517A0-BA3D-4DAE-B092-739412679593}.Debug|Any CPU.ActiveCfg = Debug|Any CPU
		{A6B517A0-BA3D-4DAE-B092-739412679593}.Debug|Any CPU.Build.0 = Debug|Any CPU
		{A6B517A0-BA3D-4DAE-B092-739412679593}.Release|Any CPU.ActiveCfg = Release|Any CPU
		{A6B517A0-BA3D-4DAE-B092-739412679593}.Release|Any CPU.Build.0 = Release|Any CPU
	EndGlobalSection
	GlobalSection(SolutionProperties) = preSolution
		HideSolutionNode = FALSE
	EndGlobalSection
	GlobalSection(ExtensibilityGlobals) = postSolution
		SolutionGuid = {BCE35B5C-5D26-437D-A41A-6F9CB7917A1C}
	EndGlobalSection
EndGlobal
